PODS:
  - audioplayers_darwin (0.0.1):
    - Flutter
  - external_path (2.0.1):
    - Flutter
  - Flutter (1.0.0)
  - flutter_media_metadata (0.0.1):
    - Flutter
  - path_provider_foundation (0.0.1):
    - Flutter
    - FlutterMacOS
  - permission_handler_apple (9.3.0):
    - Flutter

DEPENDENCIES:
  - audioplayers_darwin (from `.symlinks/plugins/audioplayers_darwin/ios`)
  - external_path (from `.symlinks/plugins/external_path/ios`)
  - Flutter (from `Flutter`)
  - flutter_media_metadata (from `.symlinks/plugins/flutter_media_metadata/ios`)
  - path_provider_foundation (from `.symlinks/plugins/path_provider_foundation/darwin`)
  - permission_handler_apple (from `.symlinks/plugins/permission_handler_apple/ios`)

EXTERNAL SOURCES:
  audioplayers_darwin:
    :path: ".symlinks/plugins/audioplayers_darwin/ios"
  external_path:
    :path: ".symlinks/plugins/external_path/ios"
  Flutter:
    :path: Flutter
  flutter_media_metadata:
    :path: ".symlinks/plugins/flutter_media_metadata/ios"
  path_provider_foundation:
    :path: ".symlinks/plugins/path_provider_foundation/darwin"
  permission_handler_apple:
    :path: ".symlinks/plugins/permission_handler_apple/ios"

SPEC CHECKSUMS:
  audioplayers_darwin: 877d9a4d06331c5c374595e46e16453ac7eafa40
  external_path: 2594f1f0d6afcff9e202cfe9c8908dd605b86f32
  Flutter: e0871f40cf51350855a761d2e70bf5af5b9b5de7
  flutter_media_metadata: 9db7298c789a54da26e0d2f6f808fa39bfd9bcd7
  path_provider_foundation: 2b6b4c569c0fb62ec74538f866245ac84301af46
  permission_handler_apple: 9878588469a2b0d0fc1e048d9f43605f92e6cec2

PODFILE CHECKSUM: 819463e6a0290f5a72f145ba7cde16e8b6ef0796

COCOAPODS: 1.16.2
